
Microsoft Visual Studio Solution File, Format Version 12.00
# Visual Studio 15
VisualStudioVersion = 15.0.26730.12
MinimumVisualStudioVersion = 10.0.40219.1
Project("{8BC9CEB8-8B4A-11D0-8D11-00A0C91BC942}") = "Lab3", "Lab3\Lab3.vcxproj", "{A433161E-97AE-4AAB-99FA-2FFF8C560BA8}"
EndProject
Project("{8BC9CEB8-8B4A-11D0-8D11-00A0C91BC942}") = "Lab1", "Lab1\Lab1.vcxproj", "{62F2F48F-E7C6-4A30-86E5-A2149063DC6A}"
EndProject
Project("{8BC9CEB8-8B4A-11D0-8D11-00A0C91BC942}") = "Lab3_cesar", "Lab3_cesar\Lab3_cesar.vcxproj", "{9A44A0C8-D541-4B77-8A6E-C22EA09DE060}"
EndProject
Project("{8BC9CEB8-8B4A-11D0-8D11-00A0C91BC942}") = "Lab2", "Lab2\Lab2.vcxproj", "{FCB3B1E8-538E-493B-940D-7B1E203BEE07}"
EndProject
Project("{8BC9CEB8-8B4A-11D0-8D11-00A0C91BC942}") = "Lab3_ukazateli", "Ukazateli\Ukazateli.vcxproj", "{022412D9-895A-475A-8168-0DFCAAC5774B}"
EndProject
Project("{8BC9CEB8-8B4A-11D0-8D11-00A0C91BC942}") = "Lab4", "Lab4\Lab4.vcxproj", "{527A3591-3379-4BFC-92FC-5B01EE9745AF}"
EndProject
Global
	GlobalSection(SolutionConfigurationPlatforms) = preSolution
		Debug|x64 = Debug|x64
		Debug|x86 = Debug|x86
		Release|x64 = Release|x64
		Release|x86 = Release|x86
	EndGlobalSection
	GlobalSection(ProjectConfigurationPlatforms) = postSolution
		{A433161E-97AE-4AAB-99FA-2FFF8C560BA8}.Debug|x64.ActiveCfg = Debug|x64
		{A433161E-97AE-4AAB-99FA-2FFF8C560BA8}.Debug|x64.Build.0 = Debug|x64
		{A433161E-97AE-4AAB-99FA-2FFF8C560BA8}.Debug|x86.ActiveCfg = Debug|Win32
		{A433161E-97AE-4AAB-99FA-2FFF8C560BA8}.Debug|x86.Build.0 = Debug|Win32
		{A433161E-97AE-4AAB-99FA-2FFF8C560BA8}.Release|x64.ActiveCfg = Release|x64
		{A433161E-97AE-4AAB-99FA-2FFF8C560BA8}.Release|x64.Build.0 = Release|x64
		{A433161E-97AE-4AAB-99FA-2FFF8C560BA8}.Release|x86.ActiveCfg = Release|Win32
		{A433161E-97AE-4AAB-99FA-2FFF8C560BA8}.Release|x86.Build.0 = Release|Win32
		{62F2F48F-E7C6-4A30-86E5-A2149063DC6A}.Debug|x64.ActiveCfg = Debug|x64
		{62F2F48F-E7C6-4A30-86E5-A2149063DC6A}.Debug|x64.Build.0 = Debug|x64
		{62F2F48F-E7C6-4A30-86E5-A2149063DC6A}.Debug|x86.ActiveCfg = Debug|Win32
		{62F2F48F-E7C6-4A30-86E5-A2149063DC6A}.Debug|x86.Build.0 = Debug|Win32
		{62F2F48F-E7C6-4A30-86E5-A2149063DC6A}.Release|x64.ActiveCfg = Release|x64
		{62F2F48F-E7C6-4A30-86E5-A2149063DC6A}.Release|x64.Build.0 = Release|x64
		{62F2F48F-E7C6-4A30-86E5-A2149063DC6A}.Release|x86.ActiveCfg = Release|Win32
		{62F2F48F-E7C6-4A30-86E5-A2149063DC6A}.Release|x86.Build.0 = Release|Win32
		{9A44A0C8-D541-4B77-8A6E-C22EA09DE060}.Debug|x64.ActiveCfg = Debug|x64
		{9A44A0C8-D541-4B77-8A6E-C22EA09DE060}.Debug|x64.Build.0 = Debug|x64
		{9A44A0C8-D541-4B77-8A6E-C22EA09DE060}.Debug|x86.ActiveCfg = Debug|Win32
		{9A44A0C8-D541-4B77-8A6E-C22EA09DE060}.Debug|x86.Build.0 = Debug|Win32
		{9A44A0C8-D541-4B77-8A6E-C22EA09DE060}.Release|x64.ActiveCfg = Release|x64
		{9A44A0C8-D541-4B77-8A6E-C22EA09DE060}.Release|x64.Build.0 = Release|x64
		{9A44A0C8-D541-4B77-8A6E-C22EA09DE060}.Release|x86.ActiveCfg = Release|Win32
		{9A44A0C8-D541-4B77-8A6E-C22EA09DE060}.Release|x86.Build.0 = Release|Win32
		{FCB3B1E8-538E-493B-940D-7B1E203BEE07}.Debug|x64.ActiveCfg = Debug|x64
		{FCB3B1E8-538E-493B-940D-7B1E203BEE07}.Debug|x64.Build.0 = Debug|x64
		{FCB3B1E8-538E-493B-940D-7B1E203BEE07}.Debug|x86.ActiveCfg = Debug|Win32
		{FCB3B1E8-538E-493B-940D-7B1E203BEE07}.Debug|x86.Build.0 = Debug|Win32
		{FCB3B1E8-538E-493B-940D-7B1E203BEE07}.Release|x64.ActiveCfg = Release|x64
		{FCB3B1E8-538E-493B-940D-7B1E203BEE07}.Release|x64.Build.0 = Release|x64
		{FCB3B1E8-538E-493B-940D-7B1E203BEE07}.Release|x86.ActiveCfg = Release|Win32
		{FCB3B1E8-538E-493B-940D-7B1E203BEE07}.Release|x86.Build.0 = Release|Win32
		{022412D9-895A-475A-8168-0DFCAAC5774B}.Debug|x64.ActiveCfg = Debug|x64
		{022412D9-895A-475A-8168-0DFCAAC5774B}.Debug|x64.Build.0 = Debug|x64
		{022412D9-895A-475A-8168-0DFCAAC5774B}.Debug|x86.ActiveCfg = Debug|Win32
		{022412D9-895A-475A-8168-0DFCAAC5774B}.Debug|x86.Build.0 = Debug|Win32
		{022412D9-895A-475A-8168-0DFCAAC5774B}.Release|x64.ActiveCfg = Release|x64
		{022412D9-895A-475A-8168-0DFCAAC5774B}.Release|x64.Build.0 = Release|x64
		{022412D9-895A-475A-8168-0DFCAAC5774B}.Release|x86.ActiveCfg = Release|Win32
		{022412D9-895A-475A-8168-0DFCAAC5774B}.Release|x86.Build.0 = Release|Win32
		{527A3591-3379-4BFC-92FC-5B01EE9745AF}.Debug|x64.ActiveCfg = Debug|x64
		{527A3591-3379-4BFC-92FC-5B01EE9745AF}.Debug|x64.Build.0 = Debug|x64
		{527A3591-3379-4BFC-92FC-5B01EE9745AF}.Debug|x86.ActiveCfg = Debug|Win32
		{527A3591-3379-4BFC-92FC-5B01EE9745AF}.Debug|x86.Build.0 = Debug|Win32
		{527A3591-3379-4BFC-92FC-5B01EE9745AF}.Release|x64.ActiveCfg = Release|x64
		{527A3591-3379-4BFC-92FC-5B01EE9745AF}.Release|x64.Build.0 = Release|x64
		{527A3591-3379-4BFC-92FC-5B01EE9745AF}.Release|x86.ActiveCfg = Release|Win32
		{527A3591-3379-4BFC-92FC-5B01EE9745AF}.Release|x86.Build.0 = Release|Win32
	EndGlobalSection
	GlobalSection(SolutionProperties) = preSolution
		HideSolutionNode = FALSE
	EndGlobalSection
	GlobalSection(ExtensibilityGlobals) = postSolution
		SolutionGuid = {301B26D6-A4F1-4D5D-A726-92329F29FF68}
	EndGlobalSection
EndGlobal
