
Microsoft Visual Studio Solution File, Format Version 12.00
# Visual Studio 15
VisualStudioVersion = 15.0.26730.12
MinimumVisualStudioVersion = 10.0.40219.1
Project("{8BC9CEB8-8B4A-11D0-8D11-00A0C91BC942}") = "Laboratory_7", "Laboratory_7\Laboratory_7.vcxproj", "{5BF6ED9C-7EA7-4515-B752-7B20BC1F8008}"
EndProject
Project("{8BC9CEB8-8B4A-11D0-8D11-00A0C91BC942}") = "Laboratory_1", "Laboratory_1\Laboratory_1.vcxproj", "{62F2F48F-E7C6-4A30-86E5-A2149063DC6A}"
EndProject
Project("{8BC9CEB8-8B4A-11D0-8D11-00A0C91BC942}") = "Laboratory_2", "Laboratory_2\Laboratory_2.vcxproj", "{FCB3B1E8-538E-493B-940D-7B1E203BEE07}"
EndProject
Project("{8BC9CEB8-8B4A-11D0-8D11-00A0C91BC942}") = "Laboratory_3_Sorts", "Laboratory_3_Sorts\Laboratory_3_Sorts.vcxproj", "{A433161E-97AE-4AAB-99FA-2FFF8C560BA8}"
EndProject
Project("{8BC9CEB8-8B4A-11D0-8D11-00A0C91BC942}") = "Laboratory_3_Pointers", "Laboratory_3_Pointers\Laboratory_3_Pointers.vcxproj", "{022412D9-895A-475A-8168-0DFCAAC5774B}"
EndProject
Project("{8BC9CEB8-8B4A-11D0-8D11-00A0C91BC942}") = "Laboratory_3_Caesar", "Laboratory_3_Caesar\Laboratory_3_Caesar.vcxproj", "{9A44A0C8-D541-4B77-8A6E-C22EA09DE060}"
EndProject
Project("{8BC9CEB8-8B4A-11D0-8D11-00A0C91BC942}") = "Laboratory_4", "Laboratory_4\Laboratory_4.vcxproj", "{527A3591-3379-4BFC-92FC-5B01EE9745AF}"
EndProject
Project("{8BC9CEB8-8B4A-11D0-8D11-00A0C91BC942}") = "Laboratory_5", "Laboratory_5\Laboratory_5.vcxproj", "{D93B12E7-B2DD-499F-AF73-15E5BE54D2F5}"
EndProject
Project("{8BC9CEB8-8B4A-11D0-8D11-00A0C91BC942}") = "Laboratory_6", "Labaratory_6\Labaratory_6.vcxproj", "{286C9A28-DE4E-47E8-AB48-473D1815556B}"
EndProject
Project("{8BC9CEB8-8B4A-11D0-8D11-00A0C91BC942}") = "Laboratory_8", "Laboratory_8\Laboratory_8.vcxproj", "{6D5F8F6B-D915-4658-AA89-538A0948C8F6}"
EndProject
Project("{8BC9CEB8-8B4A-11D0-8D11-00A0C91BC942}") = "Laboratory_9", "Laboratory_9\Laboratory_9.vcxproj", "{D8265844-3636-456E-A30C-2A2E1AEB0B79}"
EndProject
Project("{8BC9CEB8-8B4A-11D0-8D11-00A0C91BC942}") = "Laboratory_10", "Laboratory_10\Laboratory_10.vcxproj", "{9027E477-490C-470A-B001-4E47A3DCA484}"
EndProject
Project("{8BC9CEB8-8B4A-11D0-8D11-00A0C91BC942}") = "Laboratory_12", "Laboratory_12\Laboratory_12.vcxproj", "{9D1C2E10-A950-4C4F-906F-938CCD5C0D5E}"
EndProject
Project("{8BC9CEB8-8B4A-11D0-8D11-00A0C91BC942}") = "Laboratory_14", "Laboratory_14\Laboratory_14.vcxproj", "{DE39886D-3364-47D1-8437-705402BAADD3}"
EndProject
Project("{8BC9CEB8-8B4A-11D0-8D11-00A0C91BC942}") = "Laboratory_15", "Laboratory_15\Laboratory_15.vcxproj", "{3C48651B-C9A7-4165-9B4A-B1B1303E1BB7}"
EndProject
Project("{8BC9CEB8-8B4A-11D0-8D11-00A0C91BC942}") = "Laboratory_16", "Laboratory_16\ConsoleApplication1.vcxproj", "{4E30CAB3-C029-4A33-BDAB-F15E11E31ACA}"
EndProject
Project("{8BC9CEB8-8B4A-11D0-8D11-00A0C91BC942}") = "Laboratory_17", "Laboratory_17\Laboratory_17.vcxproj", "{C5F70596-1E1C-4F89-8B6A-BFBFEB23C7B2}"
EndProject
Global
	GlobalSection(SolutionConfigurationPlatforms) = preSolution
		Debug|x64 = Debug|x64
		Debug|x86 = Debug|x86
		Release|x64 = Release|x64
		Release|x86 = Release|x86
	EndGlobalSection
	GlobalSection(ProjectConfigurationPlatforms) = postSolution
		{5BF6ED9C-7EA7-4515-B752-7B20BC1F8008}.Debug|x64.ActiveCfg = Debug|x64
		{5BF6ED9C-7EA7-4515-B752-7B20BC1F8008}.Debug|x64.Build.0 = Debug|x64
		{5BF6ED9C-7EA7-4515-B752-7B20BC1F8008}.Debug|x86.ActiveCfg = Debug|Win32
		{5BF6ED9C-7EA7-4515-B752-7B20BC1F8008}.Debug|x86.Build.0 = Debug|Win32
		{5BF6ED9C-7EA7-4515-B752-7B20BC1F8008}.Release|x64.ActiveCfg = Release|x64
		{5BF6ED9C-7EA7-4515-B752-7B20BC1F8008}.Release|x64.Build.0 = Release|x64
		{5BF6ED9C-7EA7-4515-B752-7B20BC1F8008}.Release|x86.ActiveCfg = Release|Win32
		{5BF6ED9C-7EA7-4515-B752-7B20BC1F8008}.Release|x86.Build.0 = Release|Win32
		{62F2F48F-E7C6-4A30-86E5-A2149063DC6A}.Debug|x64.ActiveCfg = Debug|x64
		{62F2F48F-E7C6-4A30-86E5-A2149063DC6A}.Debug|x64.Build.0 = Debug|x64
		{62F2F48F-E7C6-4A30-86E5-A2149063DC6A}.Debug|x86.ActiveCfg = Debug|Win32
		{62F2F48F-E7C6-4A30-86E5-A2149063DC6A}.Debug|x86.Build.0 = Debug|Win32
		{62F2F48F-E7C6-4A30-86E5-A2149063DC6A}.Release|x64.ActiveCfg = Release|x64
		{62F2F48F-E7C6-4A30-86E5-A2149063DC6A}.Release|x64.Build.0 = Release|x64
		{62F2F48F-E7C6-4A30-86E5-A2149063DC6A}.Release|x86.ActiveCfg = Release|Win32
		{62F2F48F-E7C6-4A30-86E5-A2149063DC6A}.Release|x86.Build.0 = Release|Win32
		{FCB3B1E8-538E-493B-940D-7B1E203BEE07}.Debug|x64.ActiveCfg = Debug|x64
		{FCB3B1E8-538E-493B-940D-7B1E203BEE07}.Debug|x64.Build.0 = Debug|x64
		{FCB3B1E8-538E-493B-940D-7B1E203BEE07}.Debug|x86.ActiveCfg = Debug|Win32
		{FCB3B1E8-538E-493B-940D-7B1E203BEE07}.Debug|x86.Build.0 = Debug|Win32
		{FCB3B1E8-538E-493B-940D-7B1E203BEE07}.Release|x64.ActiveCfg = Release|x64
		{FCB3B1E8-538E-493B-940D-7B1E203BEE07}.Release|x64.Build.0 = Release|x64
		{FCB3B1E8-538E-493B-940D-7B1E203BEE07}.Release|x86.ActiveCfg = Release|Win32
		{FCB3B1E8-538E-493B-940D-7B1E203BEE07}.Release|x86.Build.0 = Release|Win32
		{A433161E-97AE-4AAB-99FA-2FFF8C560BA8}.Debug|x64.ActiveCfg = Debug|x64
		{A433161E-97AE-4AAB-99FA-2FFF8C560BA8}.Debug|x64.Build.0 = Debug|x64
		{A433161E-97AE-4AAB-99FA-2FFF8C560BA8}.Debug|x86.ActiveCfg = Debug|Win32
		{A433161E-97AE-4AAB-99FA-2FFF8C560BA8}.Debug|x86.Build.0 = Debug|Win32
		{A433161E-97AE-4AAB-99FA-2FFF8C560BA8}.Release|x64.ActiveCfg = Release|x64
		{A433161E-97AE-4AAB-99FA-2FFF8C560BA8}.Release|x64.Build.0 = Release|x64
		{A433161E-97AE-4AAB-99FA-2FFF8C560BA8}.Release|x86.ActiveCfg = Release|Win32
		{A433161E-97AE-4AAB-99FA-2FFF8C560BA8}.Release|x86.Build.0 = Release|Win32
		{022412D9-895A-475A-8168-0DFCAAC5774B}.Debug|x64.ActiveCfg = Debug|x64
		{022412D9-895A-475A-8168-0DFCAAC5774B}.Debug|x64.Build.0 = Debug|x64
		{022412D9-895A-475A-8168-0DFCAAC5774B}.Debug|x86.ActiveCfg = Debug|Win32
		{022412D9-895A-475A-8168-0DFCAAC5774B}.Debug|x86.Build.0 = Debug|Win32
		{022412D9-895A-475A-8168-0DFCAAC5774B}.Release|x64.ActiveCfg = Release|x64
		{022412D9-895A-475A-8168-0DFCAAC5774B}.Release|x64.Build.0 = Release|x64
		{022412D9-895A-475A-8168-0DFCAAC5774B}.Release|x86.ActiveCfg = Release|Win32
		{022412D9-895A-475A-8168-0DFCAAC5774B}.Release|x86.Build.0 = Release|Win32
		{9A44A0C8-D541-4B77-8A6E-C22EA09DE060}.Debug|x64.ActiveCfg = Debug|x64
		{9A44A0C8-D541-4B77-8A6E-C22EA09DE060}.Debug|x64.Build.0 = Debug|x64
		{9A44A0C8-D541-4B77-8A6E-C22EA09DE060}.Debug|x86.ActiveCfg = Debug|Win32
		{9A44A0C8-D541-4B77-8A6E-C22EA09DE060}.Debug|x86.Build.0 = Debug|Win32
		{9A44A0C8-D541-4B77-8A6E-C22EA09DE060}.Release|x64.ActiveCfg = Release|x64
		{9A44A0C8-D541-4B77-8A6E-C22EA09DE060}.Release|x64.Build.0 = Release|x64
		{9A44A0C8-D541-4B77-8A6E-C22EA09DE060}.Release|x86.ActiveCfg = Release|Win32
		{9A44A0C8-D541-4B77-8A6E-C22EA09DE060}.Release|x86.Build.0 = Release|Win32
		{527A3591-3379-4BFC-92FC-5B01EE9745AF}.Debug|x64.ActiveCfg = Debug|x64
		{527A3591-3379-4BFC-92FC-5B01EE9745AF}.Debug|x64.Build.0 = Debug|x64
		{527A3591-3379-4BFC-92FC-5B01EE9745AF}.Debug|x86.ActiveCfg = Debug|Win32
		{527A3591-3379-4BFC-92FC-5B01EE9745AF}.Debug|x86.Build.0 = Debug|Win32
		{527A3591-3379-4BFC-92FC-5B01EE9745AF}.Release|x64.ActiveCfg = Release|x64
		{527A3591-3379-4BFC-92FC-5B01EE9745AF}.Release|x64.Build.0 = Release|x64
		{527A3591-3379-4BFC-92FC-5B01EE9745AF}.Release|x86.ActiveCfg = Release|Win32
		{527A3591-3379-4BFC-92FC-5B01EE9745AF}.Release|x86.Build.0 = Release|Win32
		{D93B12E7-B2DD-499F-AF73-15E5BE54D2F5}.Debug|x64.ActiveCfg = Debug|x64
		{D93B12E7-B2DD-499F-AF73-15E5BE54D2F5}.Debug|x64.Build.0 = Debug|x64
		{D93B12E7-B2DD-499F-AF73-15E5BE54D2F5}.Debug|x86.ActiveCfg = Debug|Win32
		{D93B12E7-B2DD-499F-AF73-15E5BE54D2F5}.Debug|x86.Build.0 = Debug|Win32
		{D93B12E7-B2DD-499F-AF73-15E5BE54D2F5}.Release|x64.ActiveCfg = Release|x64
		{D93B12E7-B2DD-499F-AF73-15E5BE54D2F5}.Release|x64.Build.0 = Release|x64
		{D93B12E7-B2DD-499F-AF73-15E5BE54D2F5}.Release|x86.ActiveCfg = Release|Win32
		{D93B12E7-B2DD-499F-AF73-15E5BE54D2F5}.Release|x86.Build.0 = Release|Win32
		{286C9A28-DE4E-47E8-AB48-473D1815556B}.Debug|x64.ActiveCfg = Debug|x64
		{286C9A28-DE4E-47E8-AB48-473D1815556B}.Debug|x64.Build.0 = Debug|x64
		{286C9A28-DE4E-47E8-AB48-473D1815556B}.Debug|x86.ActiveCfg = Debug|Win32
		{286C9A28-DE4E-47E8-AB48-473D1815556B}.Debug|x86.Build.0 = Debug|Win32
		{286C9A28-DE4E-47E8-AB48-473D1815556B}.Release|x64.ActiveCfg = Release|x64
		{286C9A28-DE4E-47E8-AB48-473D1815556B}.Release|x64.Build.0 = Release|x64
		{286C9A28-DE4E-47E8-AB48-473D1815556B}.Release|x86.ActiveCfg = Release|Win32
		{286C9A28-DE4E-47E8-AB48-473D1815556B}.Release|x86.Build.0 = Release|Win32
		{6D5F8F6B-D915-4658-AA89-538A0948C8F6}.Debug|x64.ActiveCfg = Debug|x64
		{6D5F8F6B-D915-4658-AA89-538A0948C8F6}.Debug|x64.Build.0 = Debug|x64
		{6D5F8F6B-D915-4658-AA89-538A0948C8F6}.Debug|x86.ActiveCfg = Debug|Win32
		{6D5F8F6B-D915-4658-AA89-538A0948C8F6}.Debug|x86.Build.0 = Debug|Win32
		{6D5F8F6B-D915-4658-AA89-538A0948C8F6}.Release|x64.ActiveCfg = Release|x64
		{6D5F8F6B-D915-4658-AA89-538A0948C8F6}.Release|x64.Build.0 = Release|x64
		{6D5F8F6B-D915-4658-AA89-538A0948C8F6}.Release|x86.ActiveCfg = Release|Win32
		{6D5F8F6B-D915-4658-AA89-538A0948C8F6}.Release|x86.Build.0 = Release|Win32
		{D8265844-3636-456E-A30C-2A2E1AEB0B79}.Debug|x64.ActiveCfg = Debug|x64
		{D8265844-3636-456E-A30C-2A2E1AEB0B79}.Debug|x64.Build.0 = Debug|x64
		{D8265844-3636-456E-A30C-2A2E1AEB0B79}.Debug|x86.ActiveCfg = Debug|Win32
		{D8265844-3636-456E-A30C-2A2E1AEB0B79}.Debug|x86.Build.0 = Debug|Win32
		{D8265844-3636-456E-A30C-2A2E1AEB0B79}.Release|x64.ActiveCfg = Release|x64
		{D8265844-3636-456E-A30C-2A2E1AEB0B79}.Release|x64.Build.0 = Release|x64
		{D8265844-3636-456E-A30C-2A2E1AEB0B79}.Release|x86.ActiveCfg = Release|Win32
		{D8265844-3636-456E-A30C-2A2E1AEB0B79}.Release|x86.Build.0 = Release|Win32
		{9027E477-490C-470A-B001-4E47A3DCA484}.Debug|x64.ActiveCfg = Debug|x64
		{9027E477-490C-470A-B001-4E47A3DCA484}.Debug|x64.Build.0 = Debug|x64
		{9027E477-490C-470A-B001-4E47A3DCA484}.Debug|x86.ActiveCfg = Debug|Win32
		{9027E477-490C-470A-B001-4E47A3DCA484}.Debug|x86.Build.0 = Debug|Win32
		{9027E477-490C-470A-B001-4E47A3DCA484}.Release|x64.ActiveCfg = Release|x64
		{9027E477-490C-470A-B001-4E47A3DCA484}.Release|x64.Build.0 = Release|x64
		{9027E477-490C-470A-B001-4E47A3DCA484}.Release|x86.ActiveCfg = Release|Win32
		{9027E477-490C-470A-B001-4E47A3DCA484}.Release|x86.Build.0 = Release|Win32
		{9D1C2E10-A950-4C4F-906F-938CCD5C0D5E}.Debug|x64.ActiveCfg = Debug|x64
		{9D1C2E10-A950-4C4F-906F-938CCD5C0D5E}.Debug|x64.Build.0 = Debug|x64
		{9D1C2E10-A950-4C4F-906F-938CCD5C0D5E}.Debug|x86.ActiveCfg = Debug|Win32
		{9D1C2E10-A950-4C4F-906F-938CCD5C0D5E}.Debug|x86.Build.0 = Debug|Win32
		{9D1C2E10-A950-4C4F-906F-938CCD5C0D5E}.Release|x64.ActiveCfg = Release|x64
		{9D1C2E10-A950-4C4F-906F-938CCD5C0D5E}.Release|x64.Build.0 = Release|x64
		{9D1C2E10-A950-4C4F-906F-938CCD5C0D5E}.Release|x86.ActiveCfg = Release|Win32
		{9D1C2E10-A950-4C4F-906F-938CCD5C0D5E}.Release|x86.Build.0 = Release|Win32
		{DE39886D-3364-47D1-8437-705402BAADD3}.Debug|x64.ActiveCfg = Debug|x64
		{DE39886D-3364-47D1-8437-705402BAADD3}.Debug|x64.Build.0 = Debug|x64
		{DE39886D-3364-47D1-8437-705402BAADD3}.Debug|x86.ActiveCfg = Debug|Win32
		{DE39886D-3364-47D1-8437-705402BAADD3}.Debug|x86.Build.0 = Debug|Win32
		{DE39886D-3364-47D1-8437-705402BAADD3}.Release|x64.ActiveCfg = Release|x64
		{DE39886D-3364-47D1-8437-705402BAADD3}.Release|x64.Build.0 = Release|x64
		{DE39886D-3364-47D1-8437-705402BAADD3}.Release|x86.ActiveCfg = Release|Win32
		{DE39886D-3364-47D1-8437-705402BAADD3}.Release|x86.Build.0 = Release|Win32
		{3C48651B-C9A7-4165-9B4A-B1B1303E1BB7}.Debug|x64.ActiveCfg = Debug|x64
		{3C48651B-C9A7-4165-9B4A-B1B1303E1BB7}.Debug|x64.Build.0 = Debug|x64
		{3C48651B-C9A7-4165-9B4A-B1B1303E1BB7}.Debug|x86.ActiveCfg = Debug|Win32
		{3C48651B-C9A7-4165-9B4A-B1B1303E1BB7}.Debug|x86.Build.0 = Debug|Win32
		{3C48651B-C9A7-4165-9B4A-B1B1303E1BB7}.Release|x64.ActiveCfg = Release|x64
		{3C48651B-C9A7-4165-9B4A-B1B1303E1BB7}.Release|x64.Build.0 = Release|x64
		{3C48651B-C9A7-4165-9B4A-B1B1303E1BB7}.Release|x86.ActiveCfg = Release|Win32
		{3C48651B-C9A7-4165-9B4A-B1B1303E1BB7}.Release|x86.Build.0 = Release|Win32
		{4E30CAB3-C029-4A33-BDAB-F15E11E31ACA}.Debug|x64.ActiveCfg = Debug|x64
		{4E30CAB3-C029-4A33-BDAB-F15E11E31ACA}.Debug|x64.Build.0 = Debug|x64
		{4E30CAB3-C029-4A33-BDAB-F15E11E31ACA}.Debug|x86.ActiveCfg = Debug|Win32
		{4E30CAB3-C029-4A33-BDAB-F15E11E31ACA}.Debug|x86.Build.0 = Debug|Win32
		{4E30CAB3-C029-4A33-BDAB-F15E11E31ACA}.Release|x64.ActiveCfg = Release|x64
		{4E30CAB3-C029-4A33-BDAB-F15E11E31ACA}.Release|x64.Build.0 = Release|x64
		{4E30CAB3-C029-4A33-BDAB-F15E11E31ACA}.Release|x86.ActiveCfg = Release|Win32
		{4E30CAB3-C029-4A33-BDAB-F15E11E31ACA}.Release|x86.Build.0 = Release|Win32
		{C5F70596-1E1C-4F89-8B6A-BFBFEB23C7B2}.Debug|x64.ActiveCfg = Debug|x64
		{C5F70596-1E1C-4F89-8B6A-BFBFEB23C7B2}.Debug|x64.Build.0 = Debug|x64
		{C5F70596-1E1C-4F89-8B6A-BFBFEB23C7B2}.Debug|x86.ActiveCfg = Debug|Win32
		{C5F70596-1E1C-4F89-8B6A-BFBFEB23C7B2}.Debug|x86.Build.0 = Debug|Win32
		{C5F70596-1E1C-4F89-8B6A-BFBFEB23C7B2}.Release|x64.ActiveCfg = Release|x64
		{C5F70596-1E1C-4F89-8B6A-BFBFEB23C7B2}.Release|x64.Build.0 = Release|x64
		{C5F70596-1E1C-4F89-8B6A-BFBFEB23C7B2}.Release|x86.ActiveCfg = Release|Win32
		{C5F70596-1E1C-4F89-8B6A-BFBFEB23C7B2}.Release|x86.Build.0 = Release|Win32
	EndGlobalSection
	GlobalSection(SolutionProperties) = preSolution
		HideSolutionNode = FALSE
	EndGlobalSection
	GlobalSection(ExtensibilityGlobals) = postSolution
		SolutionGuid = {301B26D6-A4F1-4D5D-A726-92329F29FF68}
	EndGlobalSection
EndGlobal
